
Microsoft Visual Studio Solution File, Format Version 12.00
# Visual Studio Version 16
VisualStudioVersion = 16.0.31515.178
MinimumVisualStudioVersion = 10.0.40219.1
Project("{FAE04EC0-301F-11D3-BF4B-00C04F79EFBC}") = "dotnetfour", "dotnetfour\dotnetfour.csproj", "{A52A657B-ADAF-4B1F-AA49-7E5040503852}"
EndProject
Global
	GlobalSection(SolutionConfigurationPlatforms) = preSolution
		Debug|Any CPU = Debug|Any CPU
		Release|Any CPU = Release|Any CPU
	EndGlobalSection
	GlobalSection(ProjectConfigurationPlatforms) = postSolution
		{A52A657B-ADAF-4B1F-AA49-7E5040503852}.Debug|Any CPU.ActiveCfg = Debug|Any CPU
		{A52A657B-ADAF-4B1F-AA49-7E5040503852}.Debug|Any CPU.Build.0 = Debug|Any CPU
		{A52A657B-ADAF-4B1F-AA49-7E5040503852}.Release|Any CPU.ActiveCfg = Release|Any CPU
		{A52A657B-ADAF-4B1F-AA49-7E5040503852}.Release|Any CPU.Build.0 = Release|Any CPU
	EndGlobalSection
	GlobalSection(SolutionProperties) = preSolution
		HideSolutionNode = FALSE
	EndGlobalSection
	GlobalSection(ExtensibilityGlobals) = postSolution
		SolutionGuid = {35391E69-8384-4C62-B562-E4AD2765603A}
	EndGlobalSection
EndGlobal
